{
    "hash": "e3750fcca0d442e73b464529c7f42313",
    "packages": [
        {
            "package": "alexandresalome/php-selenium",
            "version": "master-dev",
            "source-reference": "master"
        },
        {
            "package": "behat/behat",
            "version": "dev-master",
            "source-reference": "d8ff3fe0f8c44c664c5eebbb6b972bbdff70c166"
        },
        {
            "package": "behat/gherkin",
            "version": "v2.1.1"
        },
        {
            "package": "behat/mink",
            "version": "dev-master",
            "source-reference": "v1.3.3"
        },
        {
            "package": "symfony/browser-kit",
            "version": "dev-master",
            "source-reference": "f03173e232da5d84eb799cad5d57354e6541b0f8",
            "alias": "2.1.9999999.9999999-dev"
        },
        {
            "package": "symfony/config",
            "version": "dev-master",
            "source-reference": "175adaf7dbed4ad5350e75a4fd3de39480df6cf3",
            "alias": "2.1.9999999.9999999-dev"
        },
        {
            "package": "symfony/console",
            "version": "dev-master",
            "source-reference": "f354e1e5d59261ae03c0fc768bfa4043c0e6ab9c",
            "alias": "2.1.9999999.9999999-dev"
        },
        {
            "package": "symfony/css-selector",
            "version": "dev-master",
            "source-reference": "dd695aadd80d8e6e726a7a050535c04325cefa02",
            "alias": "2.1.9999999.9999999-dev"
        },
        {
            "package": "symfony/dependency-injection",
            "version": "dev-master",
            "source-reference": "61e664ab2eead27d83ebb45d2bf83dd55ef509a8",
            "alias": "2.1.9999999.9999999-dev"
        },
        {
            "package": "symfony/dom-crawler",
            "version": "dev-master",
            "source-reference": "69b857977d96e4c726be5524fa00370aef5e9b20",
            "alias": "2.1.9999999.9999999-dev"
        },
        {
            "package": "symfony/event-dispatcher",
            "version": "dev-master",
            "source-reference": "b98d68d3b8513c62d35504570f09e9d3dc33d083",
            "alias": "2.1.9999999.9999999-dev"
        },
        {
            "package": "symfony/finder",
            "version": "dev-master",
            "source-reference": "5b8658e52eaf424fe943a5857e2404ce95c3b90e",
            "alias": "2.1.9999999.9999999-dev"
        },
        {
            "package": "symfony/process",
            "version": "dev-master",
            "source-reference": "3f95a0126588f00d70e745c1ef96631fb10c3a8e",
            "alias": "2.1.9999999.9999999-dev"
        },
        {
            "package": "symfony/translation",
            "version": "dev-master",
            "source-reference": "cac219a6dee410df41ac5dae15553313f48f1fd1",
            "alias": "2.1.9999999.9999999-dev"
        },
        {
            "package": "symfony/yaml",
            "version": "dev-master",
            "source-reference": "52807f723e8a9743852c2105f11bd01c5af7f977",
            "alias": "2.1.9999999.9999999-dev"
        }
    ],
    "packages-dev": null,
    "aliases": []
}
